Microsoft Visual Studio Solution File, Format Version 12.00
# Visual Studio Version 17
VisualStudioVersion = 17.5.2.0
MinimumVisualStudioVersion = 10.0.40219.1
Project("{FAE04EC0-301F-11D3-BF4B-00C04F79EFBC}") = "diarization", "diarization.csproj", "{D67DFCE4-3800-4DFB-67D7-AED81B6A0150}"
EndProject
Global
	GlobalSection(SolutionConfigurationPlatforms) = preSolution
		Debug|Any CPU = Debug|Any CPU
		Release|Any CPU = Release|Any CPU
	EndGlobalSection
	GlobalSection(ProjectConfigurationPlatforms) = postSolution
		{D67DFCE4-3800-4DFB-67D7-AED81B6A0150}.Debug|Any CPU.ActiveCfg = Debug|Any CPU
		{D67DFCE4-3800-4DFB-67D7-AED81B6A0150}.Debug|Any CPU.Build.0 = Debug|Any CPU
		{D67DFCE4-3800-4DFB-67D7-AED81B6A0150}.Release|Any CPU.ActiveCfg = Release|Any CPU
		{D67DFCE4-3800-4DFB-67D7-AED81B6A0150}.Release|Any CPU.Build.0 = Release|Any CPU
	EndGlobalSection
	GlobalSection(SolutionProperties) = preSolution
		HideSolutionNode = FALSE
	EndGlobalSection
	GlobalSection(ExtensibilityGlobals) = postSolution
		SolutionGuid = {14BF19B5-C7CF-4CDF-BDED-47C6633833ED}
	EndGlobalSection
EndGlobal
